
Microsoft Visual Studio Solution File, Format Version 12.00
# Visual Studio Version 16
VisualStudioVersion = 16.0.32126.315
MinimumVisualStudioVersion = 10.0.40219.1
Project("{8BC9CEB8-8B4A-11D0-8D11-00A0C91BC942}") = "dsa-exp", "dsa-exp\dsa-exp.vcxproj", "{6B3E4BDA-7F6E-4F85-BC91-E6DBE1C9D1B8}"
EndProject
Project("{8BC9CEB8-8B4A-11D0-8D11-00A0C91BC942}") = "dsa", "dsa\dsa.vcxproj", "{D19EAB0D-2070-44B8-B35F-C2BE13D53008}"
EndProject
Project("{8BC9CEB8-8B4A-11D0-8D11-00A0C91BC942}") = "ex1p1", "ex1p1\ex1p1.vcxproj", "{4CCF52BE-641D-422B-9AC8-1593E5D7560D}"
EndProject
Project("{8BC9CEB8-8B4A-11D0-8D11-00A0C91BC942}") = "ex1p2", "ex1p2\ex1p2.vcxproj", "{9FB1CFCE-196A-4164-8EB6-57F2E5E7F855}"
EndProject
Project("{8BC9CEB8-8B4A-11D0-8D11-00A0C91BC942}") = "ex1p3", "ex1p3\ex1p3.vcxproj", "{646166AA-1B0A-4845-A062-2713BF0D3312}"
EndProject
Project("{8BC9CEB8-8B4A-11D0-8D11-00A0C91BC942}") = "ex1p5", "ex1p5\ex1p5.vcxproj", "{EF06BC27-B2E0-481E-93DF-04E3F19FCB50}"
EndProject
Project("{8BC9CEB8-8B4A-11D0-8D11-00A0C91BC942}") = "ex1p6", "ex1p6\ex1p6.vcxproj", "{A1F09A95-8F02-472F-8D37-AAD80D33376B}"
EndProject
Project("{8BC9CEB8-8B4A-11D0-8D11-00A0C91BC942}") = "ex1p7", "ex1p7\ex1p7.vcxproj", "{DD7ABC55-66A0-470F-AFA3-7319D6A4CD10}"
EndProject
Project("{8BC9CEB8-8B4A-11D0-8D11-00A0C91BC942}") = "ex2p1", "ex2p1\ex2p1.vcxproj", "{22869EF0-28D4-4D0C-AD07-FEE8B5D82E15}"
EndProject
Project("{8BC9CEB8-8B4A-11D0-8D11-00A0C91BC942}") = "ex2p3", "ex2p3\ex2p3.vcxproj", "{A5E272E6-EF0F-4D7A-885B-52BB90A750F8}"
EndProject
Project("{8BC9CEB8-8B4A-11D0-8D11-00A0C91BC942}") = "ex2p4", "ex2p4\ex2p4.vcxproj", "{885C7D49-3F9E-419D-AD9A-4AB82D4DB869}"
EndProject
Project("{8BC9CEB8-8B4A-11D0-8D11-00A0C91BC942}") = "ex2p5", "ex2p5\ex2p5.vcxproj", "{B70F96E7-8CF6-4C70-83EF-D3A4A3D1106F}"
EndProject
Project("{8BC9CEB8-8B4A-11D0-8D11-00A0C91BC942}") = "ex2p7", "ex2p7\ex2p7.vcxproj", "{464BCACD-F18A-451A-92EC-786B05388E71}"
EndProject
Project("{8BC9CEB8-8B4A-11D0-8D11-00A0C91BC942}") = "ex3p1", "ex3p1\ex3p1.vcxproj", "{5135B59D-013B-4076-A085-4E4370ADFF60}"
EndProject
Project("{8BC9CEB8-8B4A-11D0-8D11-00A0C91BC942}") = "ex3p2", "ex3p2\ex3p2.vcxproj", "{BAC1AC8F-2130-4034-A8B5-B0D3D21EDD21}"
EndProject
Project("{8BC9CEB8-8B4A-11D0-8D11-00A0C91BC942}") = "ex4p2", "ex4p2\ex4p2.vcxproj", "{A9A90B36-D377-4459-82EF-66845739DBA0}"
EndProject
Global
	GlobalSection(SolutionConfigurationPlatforms) = preSolution
		Debug|x64 = Debug|x64
		Debug|x86 = Debug|x86
		Release|x64 = Release|x64
		Release|x86 = Release|x86
	EndGlobalSection
	GlobalSection(ProjectConfigurationPlatforms) = postSolution
		{6B3E4BDA-7F6E-4F85-BC91-E6DBE1C9D1B8}.Debug|x64.ActiveCfg = Debug|x64
		{6B3E4BDA-7F6E-4F85-BC91-E6DBE1C9D1B8}.Debug|x64.Build.0 = Debug|x64
		{6B3E4BDA-7F6E-4F85-BC91-E6DBE1C9D1B8}.Debug|x86.ActiveCfg = Debug|Win32
		{6B3E4BDA-7F6E-4F85-BC91-E6DBE1C9D1B8}.Debug|x86.Build.0 = Debug|Win32
		{6B3E4BDA-7F6E-4F85-BC91-E6DBE1C9D1B8}.Release|x64.ActiveCfg = Release|x64
		{6B3E4BDA-7F6E-4F85-BC91-E6DBE1C9D1B8}.Release|x64.Build.0 = Release|x64
		{6B3E4BDA-7F6E-4F85-BC91-E6DBE1C9D1B8}.Release|x86.ActiveCfg = Release|Win32
		{6B3E4BDA-7F6E-4F85-BC91-E6DBE1C9D1B8}.Release|x86.Build.0 = Release|Win32
		{D19EAB0D-2070-44B8-B35F-C2BE13D53008}.Debug|x64.ActiveCfg = Debug|x64
		{D19EAB0D-2070-44B8-B35F-C2BE13D53008}.Debug|x64.Build.0 = Debug|x64
		{D19EAB0D-2070-44B8-B35F-C2BE13D53008}.Debug|x86.ActiveCfg = Debug|Win32
		{D19EAB0D-2070-44B8-B35F-C2BE13D53008}.Debug|x86.Build.0 = Debug|Win32
		{D19EAB0D-2070-44B8-B35F-C2BE13D53008}.Release|x64.ActiveCfg = Release|x64
		{D19EAB0D-2070-44B8-B35F-C2BE13D53008}.Release|x64.Build.0 = Release|x64
		{D19EAB0D-2070-44B8-B35F-C2BE13D53008}.Release|x86.ActiveCfg = Release|Win32
		{D19EAB0D-2070-44B8-B35F-C2BE13D53008}.Release|x86.Build.0 = Release|Win32
		{4CCF52BE-641D-422B-9AC8-1593E5D7560D}.Debug|x64.ActiveCfg = Debug|x64
		{4CCF52BE-641D-422B-9AC8-1593E5D7560D}.Debug|x64.Build.0 = Debug|x64
		{4CCF52BE-641D-422B-9AC8-1593E5D7560D}.Debug|x86.ActiveCfg = Debug|Win32
		{4CCF52BE-641D-422B-9AC8-1593E5D7560D}.Debug|x86.Build.0 = Debug|Win32
		{4CCF52BE-641D-422B-9AC8-1593E5D7560D}.Release|x64.ActiveCfg = Release|x64
		{4CCF52BE-641D-422B-9AC8-1593E5D7560D}.Release|x64.Build.0 = Release|x64
		{4CCF52BE-641D-422B-9AC8-1593E5D7560D}.Release|x86.ActiveCfg = Release|Win32
		{4CCF52BE-641D-422B-9AC8-1593E5D7560D}.Release|x86.Build.0 = Release|Win32
		{9FB1CFCE-196A-4164-8EB6-57F2E5E7F855}.Debug|x64.ActiveCfg = Debug|x64
		{9FB1CFCE-196A-4164-8EB6-57F2E5E7F855}.Debug|x64.Build.0 = Debug|x64
		{9FB1CFCE-196A-4164-8EB6-57F2E5E7F855}.Debug|x86.ActiveCfg = Debug|Win32
		{9FB1CFCE-196A-4164-8EB6-57F2E5E7F855}.Debug|x86.Build.0 = Debug|Win32
		{9FB1CFCE-196A-4164-8EB6-57F2E5E7F855}.Release|x64.ActiveCfg = Release|x64
		{9FB1CFCE-196A-4164-8EB6-57F2E5E7F855}.Release|x64.Build.0 = Release|x64
		{9FB1CFCE-196A-4164-8EB6-57F2E5E7F855}.Release|x86.ActiveCfg = Release|Win32
		{9FB1CFCE-196A-4164-8EB6-57F2E5E7F855}.Release|x86.Build.0 = Release|Win32
		{646166AA-1B0A-4845-A062-2713BF0D3312}.Debug|x64.ActiveCfg = Debug|x64
		{646166AA-1B0A-4845-A062-2713BF0D3312}.Debug|x64.Build.0 = Debug|x64
		{646166AA-1B0A-4845-A062-2713BF0D3312}.Debug|x86.ActiveCfg = Debug|Win32
		{646166AA-1B0A-4845-A062-2713BF0D3312}.Debug|x86.Build.0 = Debug|Win32
		{646166AA-1B0A-4845-A062-2713BF0D3312}.Release|x64.ActiveCfg = Release|x64
		{646166AA-1B0A-4845-A062-2713BF0D3312}.Release|x64.Build.0 = Release|x64
		{646166AA-1B0A-4845-A062-2713BF0D3312}.Release|x86.ActiveCfg = Release|Win32
		{646166AA-1B0A-4845-A062-2713BF0D3312}.Release|x86.Build.0 = Release|Win32
		{EF06BC27-B2E0-481E-93DF-04E3F19FCB50}.Debug|x64.ActiveCfg = Debug|x64
		{EF06BC27-B2E0-481E-93DF-04E3F19FCB50}.Debug|x64.Build.0 = Debug|x64
		{EF06BC27-B2E0-481E-93DF-04E3F19FCB50}.Debug|x86.ActiveCfg = Debug|Win32
		{EF06BC27-B2E0-481E-93DF-04E3F19FCB50}.Debug|x86.Build.0 = Debug|Win32
		{EF06BC27-B2E0-481E-93DF-04E3F19FCB50}.Release|x64.ActiveCfg = Release|x64
		{EF06BC27-B2E0-481E-93DF-04E3F19FCB50}.Release|x64.Build.0 = Release|x64
		{EF06BC27-B2E0-481E-93DF-04E3F19FCB50}.Release|x86.ActiveCfg = Release|Win32
		{EF06BC27-B2E0-481E-93DF-04E3F19FCB50}.Release|x86.Build.0 = Release|Win32
		{A1F09A95-8F02-472F-8D37-AAD80D33376B}.Debug|x64.ActiveCfg = Debug|x64
		{A1F09A95-8F02-472F-8D37-AAD80D33376B}.Debug|x64.Build.0 = Debug|x64
		{A1F09A95-8F02-472F-8D37-AAD80D33376B}.Debug|x86.ActiveCfg = Debug|Win32
		{A1F09A95-8F02-472F-8D37-AAD80D33376B}.Debug|x86.Build.0 = Debug|Win32
		{A1F09A95-8F02-472F-8D37-AAD80D33376B}.Release|x64.ActiveCfg = Release|x64
		{A1F09A95-8F02-472F-8D37-AAD80D33376B}.Release|x64.Build.0 = Release|x64
		{A1F09A95-8F02-472F-8D37-AAD80D33376B}.Release|x86.ActiveCfg = Release|Win32
		{A1F09A95-8F02-472F-8D37-AAD80D33376B}.Release|x86.Build.0 = Release|Win32
		{DD7ABC55-66A0-470F-AFA3-7319D6A4CD10}.Debug|x64.ActiveCfg = Debug|x64
		{DD7ABC55-66A0-470F-AFA3-7319D6A4CD10}.Debug|x64.Build.0 = Debug|x64
		{DD7ABC55-66A0-470F-AFA3-7319D6A4CD10}.Debug|x86.ActiveCfg = Debug|Win32
		{DD7ABC55-66A0-470F-AFA3-7319D6A4CD10}.Debug|x86.Build.0 = Debug|Win32
		{DD7ABC55-66A0-470F-AFA3-7319D6A4CD10}.Release|x64.ActiveCfg = Release|x64
		{DD7ABC55-66A0-470F-AFA3-7319D6A4CD10}.Release|x64.Build.0 = Release|x64
		{DD7ABC55-66A0-470F-AFA3-7319D6A4CD10}.Release|x86.ActiveCfg = Release|Win32
		{DD7ABC55-66A0-470F-AFA3-7319D6A4CD10}.Release|x86.Build.0 = Release|Win32
		{22869EF0-28D4-4D0C-AD07-FEE8B5D82E15}.Debug|x64.ActiveCfg = Debug|x64
		{22869EF0-28D4-4D0C-AD07-FEE8B5D82E15}.Debug|x64.Build.0 = Debug|x64
		{22869EF0-28D4-4D0C-AD07-FEE8B5D82E15}.Debug|x86.ActiveCfg = Debug|Win32
		{22869EF0-28D4-4D0C-AD07-FEE8B5D82E15}.Debug|x86.Build.0 = Debug|Win32
		{22869EF0-28D4-4D0C-AD07-FEE8B5D82E15}.Release|x64.ActiveCfg = Release|x64
		{22869EF0-28D4-4D0C-AD07-FEE8B5D82E15}.Release|x64.Build.0 = Release|x64
		{22869EF0-28D4-4D0C-AD07-FEE8B5D82E15}.Release|x86.ActiveCfg = Release|Win32
		{22869EF0-28D4-4D0C-AD07-FEE8B5D82E15}.Release|x86.Build.0 = Release|Win32
		{A5E272E6-EF0F-4D7A-885B-52BB90A750F8}.Debug|x64.ActiveCfg = Debug|x64
		{A5E272E6-EF0F-4D7A-885B-52BB90A750F8}.Debug|x64.Build.0 = Debug|x64
		{A5E272E6-EF0F-4D7A-885B-52BB90A750F8}.Debug|x86.ActiveCfg = Debug|Win32
		{A5E272E6-EF0F-4D7A-885B-52BB90A750F8}.Debug|x86.Build.0 = Debug|Win32
		{A5E272E6-EF0F-4D7A-885B-52BB90A750F8}.Release|x64.ActiveCfg = Release|x64
		{A5E272E6-EF0F-4D7A-885B-52BB90A750F8}.Release|x64.Build.0 = Release|x64
		{A5E272E6-EF0F-4D7A-885B-52BB90A750F8}.Release|x86.ActiveCfg = Release|Win32
		{A5E272E6-EF0F-4D7A-885B-52BB90A750F8}.Release|x86.Build.0 = Release|Win32
		{885C7D49-3F9E-419D-AD9A-4AB82D4DB869}.Debug|x64.ActiveCfg = Debug|x64
		{885C7D49-3F9E-419D-AD9A-4AB82D4DB869}.Debug|x64.Build.0 = Debug|x64
		{885C7D49-3F9E-419D-AD9A-4AB82D4DB869}.Debug|x86.ActiveCfg = Debug|Win32
		{885C7D49-3F9E-419D-AD9A-4AB82D4DB869}.Debug|x86.Build.0 = Debug|Win32
		{885C7D49-3F9E-419D-AD9A-4AB82D4DB869}.Release|x64.ActiveCfg = Release|x64
		{885C7D49-3F9E-419D-AD9A-4AB82D4DB869}.Release|x64.Build.0 = Release|x64
		{885C7D49-3F9E-419D-AD9A-4AB82D4DB869}.Release|x86.ActiveCfg = Release|Win32
		{885C7D49-3F9E-419D-AD9A-4AB82D4DB869}.Release|x86.Build.0 = Release|Win32
		{B70F96E7-8CF6-4C70-83EF-D3A4A3D1106F}.Debug|x64.ActiveCfg = Debug|x64
		{B70F96E7-8CF6-4C70-83EF-D3A4A3D1106F}.Debug|x64.Build.0 = Debug|x64
		{B70F96E7-8CF6-4C70-83EF-D3A4A3D1106F}.Debug|x86.ActiveCfg = Debug|Win32
		{B70F96E7-8CF6-4C70-83EF-D3A4A3D1106F}.Debug|x86.Build.0 = Debug|Win32
		{B70F96E7-8CF6-4C70-83EF-D3A4A3D1106F}.Release|x64.ActiveCfg = Release|x64
		{B70F96E7-8CF6-4C70-83EF-D3A4A3D1106F}.Release|x64.Build.0 = Release|x64
		{B70F96E7-8CF6-4C70-83EF-D3A4A3D1106F}.Release|x86.ActiveCfg = Release|Win32
		{B70F96E7-8CF6-4C70-83EF-D3A4A3D1106F}.Release|x86.Build.0 = Release|Win32
		{464BCACD-F18A-451A-92EC-786B05388E71}.Debug|x64.ActiveCfg = Debug|x64
		{464BCACD-F18A-451A-92EC-786B05388E71}.Debug|x64.Build.0 = Debug|x64
		{464BCACD-F18A-451A-92EC-786B05388E71}.Debug|x86.ActiveCfg = Debug|Win32
		{464BCACD-F18A-451A-92EC-786B05388E71}.Debug|x86.Build.0 = Debug|Win32
		{464BCACD-F18A-451A-92EC-786B05388E71}.Release|x64.ActiveCfg = Release|x64
		{464BCACD-F18A-451A-92EC-786B05388E71}.Release|x64.Build.0 = Release|x64
		{464BCACD-F18A-451A-92EC-786B05388E71}.Release|x86.ActiveCfg = Release|Win32
		{464BCACD-F18A-451A-92EC-786B05388E71}.Release|x86.Build.0 = Release|Win32
		{5135B59D-013B-4076-A085-4E4370ADFF60}.Debug|x64.ActiveCfg = Debug|x64
		{5135B59D-013B-4076-A085-4E4370ADFF60}.Debug|x64.Build.0 = Debug|x64
		{5135B59D-013B-4076-A085-4E4370ADFF60}.Debug|x86.ActiveCfg = Debug|Win32
		{5135B59D-013B-4076-A085-4E4370ADFF60}.Debug|x86.Build.0 = Debug|Win32
		{5135B59D-013B-4076-A085-4E4370ADFF60}.Release|x64.ActiveCfg = Release|x64
		{5135B59D-013B-4076-A085-4E4370ADFF60}.Release|x64.Build.0 = Release|x64
		{5135B59D-013B-4076-A085-4E4370ADFF60}.Release|x86.ActiveCfg = Release|Win32
		{5135B59D-013B-4076-A085-4E4370ADFF60}.Release|x86.Build.0 = Release|Win32
		{BAC1AC8F-2130-4034-A8B5-B0D3D21EDD21}.Debug|x64.ActiveCfg = Debug|x64
		{BAC1AC8F-2130-4034-A8B5-B0D3D21EDD21}.Debug|x64.Build.0 = Debug|x64
		{BAC1AC8F-2130-4034-A8B5-B0D3D21EDD21}.Debug|x86.ActiveCfg = Debug|Win32
		{BAC1AC8F-2130-4034-A8B5-B0D3D21EDD21}.Debug|x86.Build.0 = Debug|Win32
		{BAC1AC8F-2130-4034-A8B5-B0D3D21EDD21}.Release|x64.ActiveCfg = Release|x64
		{BAC1AC8F-2130-4034-A8B5-B0D3D21EDD21}.Release|x64.Build.0 = Release|x64
		{BAC1AC8F-2130-4034-A8B5-B0D3D21EDD21}.Release|x86.ActiveCfg = Release|Win32
		{BAC1AC8F-2130-4034-A8B5-B0D3D21EDD21}.Release|x86.Build.0 = Release|Win32
		{A9A90B36-D377-4459-82EF-66845739DBA0}.Debug|x64.ActiveCfg = Debug|x64
		{A9A90B36-D377-4459-82EF-66845739DBA0}.Debug|x64.Build.0 = Debug|x64
		{A9A90B36-D377-4459-82EF-66845739DBA0}.Debug|x86.ActiveCfg = Debug|Win32
		{A9A90B36-D377-4459-82EF-66845739DBA0}.Debug|x86.Build.0 = Debug|Win32
		{A9A90B36-D377-4459-82EF-66845739DBA0}.Release|x64.ActiveCfg = Release|x64
		{A9A90B36-D377-4459-82EF-66845739DBA0}.Release|x64.Build.0 = Release|x64
		{A9A90B36-D377-4459-82EF-66845739DBA0}.Release|x86.ActiveCfg = Release|Win32
		{A9A90B36-D377-4459-82EF-66845739DBA0}.Release|x86.Build.0 = Release|Win32
	EndGlobalSection
	GlobalSection(SolutionProperties) = preSolution
		HideSolutionNode = FALSE
	EndGlobalSection
	GlobalSection(ExtensibilityGlobals) = postSolution
		SolutionGuid = {8C009C18-D242-4142-9A4A-58C4E4ED7F5E}
	EndGlobalSection
EndGlobal
